
Microsoft Visual Studio Solution File, Format Version 12.00
# Visual Studio Version 16
VisualStudioVersion = 16.0.29409.12
MinimumVisualStudioVersion = 10.0.40219.1
Project("{9A19103F-16F7-4668-BE54-9A1E7A4F7556}") = "Bin2Object", "Bin2Object\Bin2Object\Bin2Object.csproj", "{55382D6C-01B6-4AFD-850C-7A79DAB6F270}"
EndProject
Project("{9A19103F-16F7-4668-BE54-9A1E7A4F7556}") = "Il2CppInspector", "Il2CppInspector.Common\Il2CppInspector.csproj", "{E4721466-CC6F-47EB-AD48-F4DE70D77E5C}"
EndProject
Project("{9A19103F-16F7-4668-BE54-9A1E7A4F7556}") = "Il2CppInspector.CLI", "Il2CppInspector.CLI\Il2CppInspector.CLI.csproj", "{EA4C27DF-4640-48DF-8CAF-5587884CAF30}"
	ProjectSection(ProjectDependencies) = postProject
		{E4721466-CC6F-47EB-AD48-F4DE70D77E5C} = {E4721466-CC6F-47EB-AD48-F4DE70D77E5C}
	EndProjectSection
EndProject
Project("{9A19103F-16F7-4668-BE54-9A1E7A4F7556}") = "Il2CppTests", "Il2CppTests\Il2CppTests.csproj", "{389E4BDF-A749-4554-848B-32B3B6EE5684}"
	ProjectSection(ProjectDependencies) = postProject
		{E4721466-CC6F-47EB-AD48-F4DE70D77E5C} = {E4721466-CC6F-47EB-AD48-F4DE70D77E5C}
	EndProjectSection
EndProject
Project("{2150E333-8FDC-42A3-9474-1A3956D46DE8}") = "Solution Items", "Solution Items", "{46226B08-22BA-455E-8B99-F496E90EDCBC}"
	ProjectSection(SolutionItems) = preProject
		docs\CSProj_Preview.png = docs\CSProj_Preview.png
		docs\Ghidra_Guide.png = docs\Ghidra_Guide.png
		docs\Ghidra_Preview.png = docs\Ghidra_Preview.png
		docs\GUI_Preview.png = docs\GUI_Preview.png
		docs\IDA_Preview.png = docs\IDA_Preview.png
		README.md = README.md
		docs\VisualStudio_Preview.png = docs\VisualStudio_Preview.png
	EndProjectSection
EndProject
Project("{9A19103F-16F7-4668-BE54-9A1E7A4F7556}") = "Il2CppInspector.GUI", "Il2CppInspector.GUI\Il2CppInspector.GUI.csproj", "{A24D77DA-8A64-4AD3-956A-677A96F20373}"
EndProject
Global
	GlobalSection(SolutionConfigurationPlatforms) = preSolution
		Debug|Any CPU = Debug|Any CPU
		Release|Any CPU = Release|Any CPU
	EndGlobalSection
	GlobalSection(ProjectConfigurationPlatforms) = postSolution
		{55382D6C-01B6-4AFD-850C-7A79DAB6F270}.Debug|Any CPU.ActiveCfg = Debug|Any CPU
		{55382D6C-01B6-4AFD-850C-7A79DAB6F270}.Debug|Any CPU.Build.0 = Debug|Any CPU
		{55382D6C-01B6-4AFD-850C-7A79DAB6F270}.Release|Any CPU.ActiveCfg = Release|Any CPU
		{55382D6C-01B6-4AFD-850C-7A79DAB6F270}.Release|Any CPU.Build.0 = Release|Any CPU
		{E4721466-CC6F-47EB-AD48-F4DE70D77E5C}.Debug|Any CPU.ActiveCfg = Debug|Any CPU
		{E4721466-CC6F-47EB-AD48-F4DE70D77E5C}.Debug|Any CPU.Build.0 = Debug|Any CPU
		{E4721466-CC6F-47EB-AD48-F4DE70D77E5C}.Release|Any CPU.ActiveCfg = Release|Any CPU
		{E4721466-CC6F-47EB-AD48-F4DE70D77E5C}.Release|Any CPU.Build.0 = Release|Any CPU
		{EA4C27DF-4640-48DF-8CAF-5587884CAF30}.Debug|Any CPU.ActiveCfg = Debug|Any CPU
		{EA4C27DF-4640-48DF-8CAF-5587884CAF30}.Debug|Any CPU.Build.0 = Debug|Any CPU
		{EA4C27DF-4640-48DF-8CAF-5587884CAF30}.Release|Any CPU.ActiveCfg = Release|Any CPU
		{EA4C27DF-4640-48DF-8CAF-5587884CAF30}.Release|Any CPU.Build.0 = Release|Any CPU
		{389E4BDF-A749-4554-848B-32B3B6EE5684}.Debug|Any CPU.ActiveCfg = Debug|Any CPU
		{389E4BDF-A749-4554-848B-32B3B6EE5684}.Debug|Any CPU.Build.0 = Debug|Any CPU
		{389E4BDF-A749-4554-848B-32B3B6EE5684}.Release|Any CPU.ActiveCfg = Release|Any CPU
		{389E4BDF-A749-4554-848B-32B3B6EE5684}.Release|Any CPU.Build.0 = Release|Any CPU
		{A24D77DA-8A64-4AD3-956A-677A96F20373}.Debug|Any CPU.ActiveCfg = Debug|Any CPU
		{A24D77DA-8A64-4AD3-956A-677A96F20373}.Debug|Any CPU.Build.0 = Debug|Any CPU
		{A24D77DA-8A64-4AD3-956A-677A96F20373}.Release|Any CPU.ActiveCfg = Release|Any CPU
		{A24D77DA-8A64-4AD3-956A-677A96F20373}.Release|Any CPU.Build.0 = Release|Any CPU
	EndGlobalSection
	GlobalSection(SolutionProperties) = preSolution
		HideSolutionNode = FALSE
	EndGlobalSection
	GlobalSection(ExtensibilityGlobals) = postSolution
		SolutionGuid = {A2F9DB35-5C65-4A94-8DD8-36FF9F3590C7}
	EndGlobalSection
EndGlobal
